{
    "_readme": [
        "This file locks the dependencies of your project to a known state",
        "Read more about it at https://getcomposer.org/doc/01-basic-usage.md#installing-dependencies",
        "This file is @generated automatically"
    ],
    "content-hash": "3bf19a7d9d60e32ae0e605e0c4f64ec3",
    "packages": [
        {
            "name": "google/protobuf",
            "version": "dev-master",
            "source": {
                "type": "git",
                "url": "https://github.com/protocolbuffers/protobuf-php.git",
                "reference": "4528c2bc14c13241f16e5b4be241705bebc86b76"
            },
            "dist": {
                "type": "zip",
                "url": "https://api.github.com/repos/protocolbuffers/protobuf-php/zipball/4528c2bc14c13241f16e5b4be241705bebc86b76",
                "reference": "4528c2bc14c13241f16e5b4be241705bebc86b76",
                "shasum": ""
            },
            "require": {
                "php": ">=7.0.0"
            },
            "require-dev": {
                "phpunit/phpunit": ">=5.0.0"
            },
            "suggest": {
                "ext-bcmath": "Need to support JSON deserialization"
            },
            "default-branch": true,
            "type": "library",
            "autoload": {
                "psr-4": {
                    "Google\\Protobuf\\": "src/Google/Protobuf",
                    "GPBMetadata\\Google\\Protobuf\\": "src/GPBMetadata/Google/Protobuf"
                }
            },
            "notification-url": "https://packagist.org/downloads/",
            "license": [
                "BSD-3-Clause"
            ],
            "description": "proto library for PHP",
            "homepage": "https://developers.google.com/protocol-buffers/",
            "keywords": [
                "proto"
            ],
            "support": {
                "source": "https://github.com/protocolbuffers/protobuf-php/tree/v4.27.5"
            },
            "time": "2024-09-18T22:04:51+00:00"
        },
        {
            "name": "grpc/grpc",
            "version": "dev-master",
            "source": {
                "type": "git",
                "url": "https://github.com/grpc/grpc-php.git",
                "reference": "b610c42022ed3a22f831439cb93802f2a4502fdf"
            },
            "dist": {
                "type": "zip",
                "url": "https://api.github.com/repos/grpc/grpc-php/zipball/b610c42022ed3a22f831439cb93802f2a4502fdf",
                "reference": "b610c42022ed3a22f831439cb93802f2a4502fdf",
                "shasum": ""
            },
            "require": {
                "php": ">=7.0.0"
            },
            "require-dev": {
                "google/auth": "^v1.3.0"
            },
            "suggest": {
                "ext-protobuf": "For better performance, install the protobuf C extension.",
                "google/protobuf": "To get started using grpc quickly, install the native protobuf library."
            },
            "default-branch": true,
            "type": "library",
            "autoload": {
                "psr-4": {
                    "Grpc\\": "src/lib/"
                }
            },
            "notification-url": "https://packagist.org/downloads/",
            "license": [
                "Apache-2.0"
            ],
            "description": "gRPC library for PHP",
            "homepage": "https://grpc.io",
            "keywords": [
                "rpc"
            ],
            "support": {
                "source": "https://github.com/grpc/grpc-php/tree/v1.57.0"
            },
            "time": "2023-08-14T23:57:54+00:00"
        },
        {
            "name": "monolog/monolog",
            "version": "dev-main",
            "source": {
                "type": "git",
                "url": "https://github.com/Seldaek/monolog.git",
                "reference": "3327c29d3799da2eb321032afc73d01b6aa51cb8"
            },
            "dist": {
                "type": "zip",
                "url": "https://api.github.com/repos/Seldaek/monolog/zipball/3327c29d3799da2eb321032afc73d01b6aa51cb8",
                "reference": "3327c29d3799da2eb321032afc73d01b6aa51cb8",
                "shasum": ""
            },
            "require": {
                "php": ">=8.1",
                "psr/log": "^2.0 || ^3.0"
            },
            "provide": {
                "psr/log-implementation": "3.0.0"
            },
            "require-dev": {
                "aws/aws-sdk-php": "^3.0",
                "doctrine/couchdb": "~1.0@dev",
                "elasticsearch/elasticsearch": "^7 || ^8",
                "ext-json": "*",
                "graylog2/gelf-php": "^1.4.2 || ^2.0",
                "guzzlehttp/guzzle": "^7.4.5",
                "guzzlehttp/psr7": "^2.2",
                "mongodb/mongodb": "^1.8",
                "php-amqplib/php-amqplib": "~2.4 || ^3",
                "phpstan/phpstan": "^1.9",
                "phpstan/phpstan-deprecation-rules": "^1.0",
                "phpstan/phpstan-strict-rules": "^1.4",
                "phpunit/phpunit": "^10.5.17",
                "predis/predis": "^1.1 || ^2",
                "ruflin/elastica": "^7",
                "symfony/mailer": "^5.4 || ^6",
                "symfony/mime": "^5.4 || ^6"
            },
            "suggest": {
                "aws/aws-sdk-php": "Allow sending log messages to AWS services like DynamoDB",
                "doctrine/couchdb": "Allow sending log messages to a CouchDB server",
                "elasticsearch/elasticsearch": "Allow sending log messages to an Elasticsearch server via official client",
                "ext-amqp": "Allow sending log messages to an AMQP server (1.0+ required)",
                "ext-curl": "Required to send log messages using the IFTTTHandler, the LogglyHandler, the SendGridHandler, the SlackWebhookHandler or the TelegramBotHandler",
                "ext-mbstring": "Allow to work properly with unicode symbols",
                "ext-mongodb": "Allow sending log messages to a MongoDB server (via driver)",
                "ext-openssl": "Required to send log messages using SSL",
                "ext-sockets": "Allow sending log messages to a Syslog server (via UDP driver)",
                "graylog2/gelf-php": "Allow sending log messages to a GrayLog2 server",
                "mongodb/mongodb": "Allow sending log messages to a MongoDB server (via library)",
                "php-amqplib/php-amqplib": "Allow sending log messages to an AMQP server using php-amqplib",
                "rollbar/rollbar": "Allow sending log messages to Rollbar",
                "ruflin/elastica": "Allow sending log messages to an Elastic Search server"
            },
            "default-branch": true,
            "type": "library",
            "extra": {
                "branch-alias": {
                    "dev-main": "3.x-dev"
                }
            },
            "autoload": {
                "psr-4": {
                    "Monolog\\": "src/Monolog"
                }
            },
            "notification-url": "https://packagist.org/downloads/",
            "license": [
                "MIT"
            ],
            "authors": [
                {
                    "name": "Jordi Boggiano",
                    "email": "j.boggiano@seld.be",
                    "homepage": "https://seld.be"
                }
            ],
            "description": "Sends your logs to files, sockets, inboxes, databases and various web services",
            "homepage": "https://github.com/Seldaek/monolog",
            "keywords": [
                "log",
                "logging",
                "psr-3"
            ],
            "support": {
                "issues": "https://github.com/Seldaek/monolog/issues",
                "source": "https://github.com/Seldaek/monolog/tree/main"
            },
            "funding": [
                {
                    "url": "https://github.com/Seldaek",
                    "type": "github"
                },
                {
                    "url": "https://tidelift.com/funding/github/packagist/monolog/monolog",
                    "type": "tidelift"
                }
            ],
            "time": "2024-08-27T07:51:08+00:00"
        },
        {
            "name": "nikic/fast-route",
            "version": "dev-master",
            "source": {
                "type": "git",
                "url": "https://github.com/nikic/FastRoute.git",
                "reference": "d3ada013d0f683ad2a8d0614fc97917a6ab72ce9"
            },
            "dist": {
                "type": "zip",
                "url": "https://api.github.com/repos/nikic/FastRoute/zipball/d3ada013d0f683ad2a8d0614fc97917a6ab72ce9",
                "reference": "d3ada013d0f683ad2a8d0614fc97917a6ab72ce9",
                "shasum": ""
            },
            "require": {
                "php": ">=8.1.0",
                "psr/simple-cache": "^2.0 || ^3.0"
            },
            "require-dev": {
                "lcobucci/coding-standard": "^11.0",
                "phpbench/phpbench": "^1.2",
                "phpstan/extension-installer": "^1.1",
                "phpstan/phpstan": "^1.10",
                "phpstan/phpstan-deprecation-rules": "^1.1",
                "phpstan/phpstan-phpunit": "^1.3",
                "phpstan/phpstan-strict-rules": "^1.5",
                "phpunit/phpunit": "^10.3"
            },
            "default-branch": true,
            "type": "library",
            "extra": {
                "branch-alias": {
                    "dev-master": "2.0-dev"
                }
            },
            "autoload": {
                "files": [
                    "src/functions.php"
                ],
                "psr-4": {
                    "FastRoute\\": "src/"
                }
            },
            "notification-url": "https://packagist.org/downloads/",
            "license": [
                "BSD-3-Clause"
            ],
            "authors": [
                {
                    "name": "Nikita Popov",
                    "email": "nikic@php.net"
                }
            ],
            "description": "Fast request router for PHP",
            "keywords": [
                "router",
                "routing"
            ],
            "support": {
                "issues": "https://github.com/nikic/FastRoute/issues",
                "source": "https://github.com/nikic/FastRoute/tree/2.0.0-beta1"
            },
            "time": "2024-03-04T23:46:43+00:00"
        },
        {
            "name": "openswoole/core",
            "version": "22.1.5",
            "source": {
                "type": "git",
                "url": "https://github.com/openswoole/core.git",
                "reference": "06dae68fdac73341ccf565ecef388434bd893141"
            },
            "dist": {
                "type": "zip",
                "url": "https://api.github.com/repos/openswoole/core/zipball/06dae68fdac73341ccf565ecef388434bd893141",
                "reference": "06dae68fdac73341ccf565ecef388434bd893141",
                "shasum": ""
            },
            "require": {
                "ext-openswoole": ">=22.0",
                "php": ">=7.4",
                "psr/http-message": "^1.0 || ^2.0",
                "psr/http-server-middleware": "^1.0.0"
            },
            "require-dev": {
                "ext-curl": "*",
                "ext-sockets": "*",
                "friendsofphp/php-cs-fixer": "^3.6",
                "openswoole/ide-helper": "^22.0",
                "php-http/psr7-integration-tests": "^1.1",
                "phpunit/phpunit": "^9.5"
            },
            "suggest": {
                "ext-mysqli": "*",
                "ext-pdo": "*",
                "ext-redis": "Required to use redis database, and the required version is greater than or equal to 3.1.3"
            },
            "type": "library",
            "autoload": {
                "files": [
                    "src/Coroutine/functions.php"
                ],
                "psr-4": {
                    "OpenSwoole\\Core\\": "src/"
                }
            },
            "notification-url": "https://packagist.org/downloads/",
            "license": [
                "Apache-2.0"
            ],
            "authors": [
                {
                    "name": "OpenSwoole Group",
                    "email": "hello@openswoole.com"
                }
            ],
            "description": "Openswoole core library",
            "homepage": "https://openswoole.com",
            "keywords": [
                "http",
                "http2",
                "mqtt",
                "openswoole",
                "php",
                "tcp",
                "websocket"
            ],
            "support": {
                "docs": "https://openswoole.com/docs",
                "issues": "https://github.com/openswoole/openswoole/issues",
                "pull-request": "https://github.com/openswoole/openswoole/pulls",
                "source": "https://github.com/openswoole/openswoole"
            },
            "time": "2023-12-10T19:02:13+00:00"
        },
        {
            "name": "openswoole/grpc",
            "version": "dev-master",
            "source": {
                "type": "git",
                "url": "https://github.com/openswoole/grpc.git",
                "reference": "c44cd29ce37d14ea61ecbf96b4cb28a2348a876d"
            },
            "dist": {
                "type": "zip",
                "url": "https://api.github.com/repos/openswoole/grpc/zipball/c44cd29ce37d14ea61ecbf96b4cb28a2348a876d",
                "reference": "c44cd29ce37d14ea61ecbf96b4cb28a2348a876d",
                "shasum": ""
            },
            "require": {
                "ext-openswoole": ">=22.0",
                "openswoole/core": "^22.0",
                "php": ">=7.4"
            },
            "require-dev": {
                "friendsofphp/php-cs-fixer": "^3.6",
                "openswoole/ide-helper": "^22.0",
                "phpunit/phpunit": "^9.5",
                "vimeo/psalm": "^4.6"
            },
            "suggest": {
                "ext-openswoole": "*",
                "google/protobuf": "^3.21"
            },
            "default-branch": true,
            "type": "library",
            "autoload": {
                "psr-4": {
                    "OpenSwoole\\GRPC\\": "src/"
                }
            },
            "notification-url": "https://packagist.org/downloads/",
            "license": [
                "Apache-2.0"
            ],
            "authors": [
                {
                    "name": "OpenSwoole Group",
                    "email": "hello@openswoole.com"
                }
            ],
            "description": "OpenSwoole GRPC framework for building high performance services",
            "support": {
                "issues": "https://github.com/openswoole/grpc/issues",
                "source": "https://github.com/openswoole/grpc/tree/22.1.6"
            },
            "time": "2024-09-08T22:06:16+00:00"
        },
        {
            "name": "openswoole/ide-helper",
            "version": "dev-master",
            "source": {
                "type": "git",
                "url": "https://github.com/openswoole/ide-helper.git",
                "reference": "563b926c3474b26c451424992a36cea55ff69c3f"
            },
            "dist": {
                "type": "zip",
                "url": "https://api.github.com/repos/openswoole/ide-helper/zipball/563b926c3474b26c451424992a36cea55ff69c3f",
                "reference": "563b926c3474b26c451424992a36cea55ff69c3f",
                "shasum": ""
            },
            "require": {
                "ext-openswoole": ">=22.0",
                "php": ">=7.4"
            },
            "require-dev": {
                "friendsofphp/php-cs-fixer": "^3.6"
            },
            "default-branch": true,
            "type": "library",
            "notification-url": "https://packagist.org/downloads/",
            "license": [
                "Apache-2.0"
            ],
            "authors": [
                {
                    "name": "OpenSwoole Group",
                    "email": "hello@openswoole.com"
                }
            ],
            "description": "IDE helper for OpenSwoole.",
            "support": {
                "issues": "https://github.com/openswoole/ide-helper/issues",
                "source": "https://github.com/openswoole/ide-helper/tree/master"
            },
            "time": "2024-09-08T21:58:49+00:00"
        },
        {
            "name": "psr/http-message",
            "version": "dev-master",
            "source": {
                "type": "git",
                "url": "https://github.com/php-fig/http-message.git",
                "reference": "402d35bcb92c70c026d1a6a9883f06b2ead23d71"
            },
            "dist": {
                "type": "zip",
                "url": "https://api.github.com/repos/php-fig/http-message/zipball/402d35bcb92c70c026d1a6a9883f06b2ead23d71",
                "reference": "402d35bcb92c70c026d1a6a9883f06b2ead23d71",
                "shasum": ""
            },
            "require": {
                "php": "^7.2 || ^8.0"
            },
            "default-branch": true,
            "type": "library",
            "extra": {
                "branch-alias": {
                    "dev-master": "2.0.x-dev"
                }
            },
            "autoload": {
                "psr-4": {
                    "Psr\\Http\\Message\\": "src/"
                }
            },
            "notification-url": "https://packagist.org/downloads/",
            "license": [
                "MIT"
            ],
            "authors": [
                {
                    "name": "PHP-FIG",
                    "homepage": "https://www.php-fig.org/"
                }
            ],
            "description": "Common interface for HTTP messages",
            "homepage": "https://github.com/php-fig/http-message",
            "keywords": [
                "http",
                "http-message",
                "psr",
                "psr-7",
                "request",
                "response"
            ],
            "support": {
                "source": "https://github.com/php-fig/http-message/tree/2.0"
            },
            "time": "2023-04-04T09:54:51+00:00"
        },
        {
            "name": "psr/http-server-handler",
            "version": "dev-master",
            "source": {
                "type": "git",
                "url": "https://github.com/php-fig/http-server-handler.git",
                "reference": "13403d43196ab3382d0a4ca28be32984282641f9"
            },
            "dist": {
                "type": "zip",
                "url": "https://api.github.com/repos/php-fig/http-server-handler/zipball/13403d43196ab3382d0a4ca28be32984282641f9",
                "reference": "13403d43196ab3382d0a4ca28be32984282641f9",
                "shasum": ""
            },
            "require": {
                "php": ">=7.0",
                "psr/http-message": "^1.0 || ^2.0"
            },
            "default-branch": true,
            "type": "library",
            "extra": {
                "branch-alias": {
                    "dev-master": "1.0.x-dev"
                }
            },
            "autoload": {
                "psr-4": {
                    "Psr\\Http\\Server\\": "src/"
                }
            },
            "notification-url": "https://packagist.org/downloads/",
            "license": [
                "MIT"
            ],
            "authors": [
                {
                    "name": "PHP-FIG",
                    "homepage": "https://www.php-fig.org/"
                }
            ],
            "description": "Common interface for HTTP server-side request handler",
            "keywords": [
                "handler",
                "http",
                "http-interop",
                "psr",
                "psr-15",
                "psr-7",
                "request",
                "response",
                "server"
            ],
            "support": {
                "source": "https://github.com/php-fig/http-server-handler"
            },
            "time": "2023-11-16T18:17:39+00:00"
        },
        {
            "name": "psr/http-server-middleware",
            "version": "dev-master",
            "source": {
                "type": "git",
                "url": "https://github.com/php-fig/http-server-middleware.git",
                "reference": "459eeb7efeae55b4102a951c4ecc93a11ce58d0f"
            },
            "dist": {
                "type": "zip",
                "url": "https://api.github.com/repos/php-fig/http-server-middleware/zipball/459eeb7efeae55b4102a951c4ecc93a11ce58d0f",
                "reference": "459eeb7efeae55b4102a951c4ecc93a11ce58d0f",
                "shasum": ""
            },
            "require": {
                "php": ">=7.0",
                "psr/http-message": "^1.0 || ^2.0",
                "psr/http-server-handler": "^1.0"
            },
            "default-branch": true,
            "type": "library",
            "extra": {
                "branch-alias": {
                    "dev-master": "1.0.x-dev"
                }
            },
            "autoload": {
                "psr-4": {
                    "Psr\\Http\\Server\\": "src/"
                }
            },
            "notification-url": "https://packagist.org/downloads/",
            "license": [
                "MIT"
            ],
            "authors": [
                {
                    "name": "PHP-FIG",
                    "homepage": "https://www.php-fig.org/"
                }
            ],
            "description": "Common interface for HTTP server-side middleware",
            "keywords": [
                "http",
                "http-interop",
                "middleware",
                "psr",
                "psr-15",
                "psr-7",
                "request",
                "response"
            ],
            "support": {
                "issues": "https://github.com/php-fig/http-server-middleware/issues",
                "source": "https://github.com/php-fig/http-server-middleware"
            },
            "time": "2023-09-22T11:17:21+00:00"
        },
        {
            "name": "psr/log",
            "version": "dev-master",
            "source": {
                "type": "git",
                "url": "https://github.com/php-fig/log.git",
                "reference": "f16e1d5863e37f8d8c2a01719f5b34baa2b714d3"
            },
            "dist": {
                "type": "zip",
                "url": "https://api.github.com/repos/php-fig/log/zipball/f16e1d5863e37f8d8c2a01719f5b34baa2b714d3",
                "reference": "f16e1d5863e37f8d8c2a01719f5b34baa2b714d3",
                "shasum": ""
            },
            "require": {
                "php": ">=8.0.0"
            },
            "default-branch": true,
            "type": "library",
            "extra": {
                "branch-alias": {
                    "dev-master": "3.x-dev"
                }
            },
            "autoload": {
                "psr-4": {
                    "Psr\\Log\\": "src"
                }
            },
            "notification-url": "https://packagist.org/downloads/",
            "license": [
                "MIT"
            ],
            "authors": [
                {
                    "name": "PHP-FIG",
                    "homepage": "https://www.php-fig.org/"
                }
            ],
            "description": "Common interface for logging libraries",
            "homepage": "https://github.com/php-fig/log",
            "keywords": [
                "log",
                "psr",
                "psr-3"
            ],
            "support": {
                "source": "https://github.com/php-fig/log/tree/3.0.2"
            },
            "time": "2024-09-11T13:17:53+00:00"
        },
        {
            "name": "psr/simple-cache",
            "version": "dev-master",
            "source": {
                "type": "git",
                "url": "https://github.com/php-fig/simple-cache.git",
                "reference": "2d280c2aaa23a120f35d55cfde8581954a8e77fa"
            },
            "dist": {
                "type": "zip",
                "url": "https://api.github.com/repos/php-fig/simple-cache/zipball/2d280c2aaa23a120f35d55cfde8581954a8e77fa",
                "reference": "2d280c2aaa23a120f35d55cfde8581954a8e77fa",
                "shasum": ""
            },
            "require": {
                "php": ">=8.0.0"
            },
            "default-branch": true,
            "type": "library",
            "extra": {
                "branch-alias": {
                    "dev-master": "3.0.x-dev"
                }
            },
            "autoload": {
                "psr-4": {
                    "Psr\\SimpleCache\\": "src/"
                }
            },
            "notification-url": "https://packagist.org/downloads/",
            "license": [
                "MIT"
            ],
            "authors": [
                {
                    "name": "PHP-FIG",
                    "homepage": "https://www.php-fig.org/"
                }
            ],
            "description": "Common interfaces for simple caching",
            "keywords": [
                "cache",
                "caching",
                "psr",
                "psr-16",
                "simple-cache"
            ],
            "support": {
                "source": "https://github.com/php-fig/simple-cache/tree/master"
            },
            "time": "2022-04-08T16:41:45+00:00"
        }
    ],
    "packages-dev": [],
    "aliases": [],
    "minimum-stability": "dev",
    "stability-flags": {
        "nikic/fast-route": 20,
        "monolog/monolog": 20,
        "grpc/grpc": 20,
        "google/protobuf": 20,
        "openswoole/grpc": 20,
        "openswoole/ide-helper": 20
    },
    "prefer-stable": false,
    "prefer-lowest": false,
    "platform": {
        "php": ">=8.2",
        "ext-openswoole": "*"
    },
    "platform-dev": [],
    "plugin-api-version": "2.6.0"
}
